# generated by rye
# use `rye lock` or `rye sync` to update this lockfile
#
# last locked with the following flags:
#   pre: false
#   features: []
#   all-features: false
#   with-sources: false

-e file:.
certifi==2024.8.30
    # via requests
charset-normalizer==3.3.2
    # via requests
filelock==3.15.4
    # via huggingface-hub
    # via transformers
fsspec==2024.2.0
    # via huggingface-hub
    # via mlx-graphs
huggingface-hub==0.24.6
    # via tokenizers
    # via transformers
idna==3.8
    # via requests
jinja2==3.1.4
    # via mlx-lm
markupsafe==2.1.5
    # via jinja2
mlx==0.15.2
    # via mlx-graphs
    # via mlx-lm
    # via molclip
mlx-graphs==0.0.7
    # via molclip
mlx-lm==0.17.0
    # via molclip
numpy==1.26.3
    # via mlx-graphs
    # via mlx-lm
    # via transformers
packaging==24.1
    # via huggingface-hub
    # via transformers
protobuf==5.28.0
    # via mlx-lm
    # via transformers
pyyaml==6.0.2
    # via huggingface-hub
    # via mlx-lm
    # via transformers
regex==2024.7.24
    # via transformers
requests==2.31.0
    # via huggingface-hub
    # via mlx-graphs
    # via transformers
safetensors==0.4.4
    # via transformers
sentencepiece==0.2.0
    # via transformers
tokenizers==0.19.1
    # via transformers
tqdm==4.66.1
    # via huggingface-hub
    # via mlx-graphs
    # via transformers
transformers==4.44.2
    # via mlx-lm
typing-extensions==4.12.2
    # via huggingface-hub
urllib3==2.2.2
    # via requests
